
Microsoft Visual Studio Solution File, Format Version 12.00
# Visual Studio 2013
VisualStudioVersion = 12.0.0.0
MinimumVisualStudioVersion = 10.0.0.1
Project("{FAE04EC0-301F-11D3-BF4B-00C04F79EFBC}") = "NeuroTradeAPI", "NeuroTradeAPI/NeuroTradeAPI.csproj", "{9303DEF1-26C7-479F-8C60-8C5C26F034BA}"
EndProject
Project("{FAE04EC0-301F-11D3-BF4B-00C04F79EFBC}") = "CoreDownloader", "..\CoreDownloader\CoreDownloader\CoreDownloader.csproj", "{B2A18E54-6AD6-47FF-8A44-C16A02A368D0}"
EndProject
Project("{FAE04EC0-301F-11D3-BF4B-00C04F79EFBC}") = "Repository", "Repository\Repository.csproj", "{EA9884BB-149D-42CF-A796-72CAC1307118}"
EndProject
Global
	GlobalSection(SolutionConfigurationPlatforms) = preSolution
		Debug|Any CPU = Debug|Any CPU
		Release|Any CPU = Release|Any CPU
	EndGlobalSection
	GlobalSection(ProjectConfigurationPlatforms) = postSolution
		{9303DEF1-26C7-479F-8C60-8C5C26F034BA}.Debug|Any CPU.ActiveCfg = Debug|Any CPU
		{9303DEF1-26C7-479F-8C60-8C5C26F034BA}.Debug|Any CPU.Build.0 = Debug|Any CPU
		{9303DEF1-26C7-479F-8C60-8C5C26F034BA}.Release|Any CPU.ActiveCfg = Release|Any CPU
		{9303DEF1-26C7-479F-8C60-8C5C26F034BA}.Release|Any CPU.Build.0 = Release|Any CPU
		{B2A18E54-6AD6-47FF-8A44-C16A02A368D0}.Debug|Any CPU.ActiveCfg = Debug|Any CPU
		{B2A18E54-6AD6-47FF-8A44-C16A02A368D0}.Debug|Any CPU.Build.0 = Debug|Any CPU
		{B2A18E54-6AD6-47FF-8A44-C16A02A368D0}.Release|Any CPU.ActiveCfg = Release|Any CPU
		{B2A18E54-6AD6-47FF-8A44-C16A02A368D0}.Release|Any CPU.Build.0 = Release|Any CPU
		{EA9884BB-149D-42CF-A796-72CAC1307118}.Debug|Any CPU.ActiveCfg = Debug|Any CPU
		{EA9884BB-149D-42CF-A796-72CAC1307118}.Debug|Any CPU.Build.0 = Debug|Any CPU
		{EA9884BB-149D-42CF-A796-72CAC1307118}.Release|Any CPU.ActiveCfg = Release|Any CPU
		{EA9884BB-149D-42CF-A796-72CAC1307118}.Release|Any CPU.Build.0 = Release|Any CPU
	EndGlobalSection
	GlobalSection(SolutionProperties) = preSolution
		HideSolutionNode = FALSE
	EndGlobalSection
EndGlobal
